
Microsoft Visual Studio Solution File, Format Version 12.00
# Visual Studio 15
VisualStudioVersion = 15.0.27703.2047
MinimumVisualStudioVersion = 10.0.40219.1
Project("{FAE04EC0-301F-11D3-BF4B-00C04F79EFBC}") = "Decisions", "Decisions\Decisions.csproj", "{6F002AC5-65CE-475F-8A76-BC4E09C44E13}"
EndProject
Global
	GlobalSection(SolutionConfigurationPlatforms) = preSolution
		Debug|Any CPU = Debug|Any CPU
		Release|Any CPU = Release|Any CPU
	EndGlobalSection
	GlobalSection(ProjectConfigurationPlatforms) = postSolution
		{6F002AC5-65CE-475F-8A76-BC4E09C44E13}.Debug|Any CPU.ActiveCfg = Debug|Any CPU
		{6F002AC5-65CE-475F-8A76-BC4E09C44E13}.Debug|Any CPU.Build.0 = Debug|Any CPU
		{6F002AC5-65CE-475F-8A76-BC4E09C44E13}.Release|Any CPU.ActiveCfg = Release|Any CPU
		{6F002AC5-65CE-475F-8A76-BC4E09C44E13}.Release|Any CPU.Build.0 = Release|Any CPU
	EndGlobalSection
	GlobalSection(SolutionProperties) = preSolution
		HideSolutionNode = FALSE
	EndGlobalSection
	GlobalSection(ExtensibilityGlobals) = postSolution
		SolutionGuid = {A0FA2012-CB28-440C-882D-7D41812AEAB8}
	EndGlobalSection
EndGlobal
